dependencies:
- name: memcached
  repository: https://kubelauncher.github.io/charts
  version: 0.1.24
- name: minio
  repository: https://charts.min.io
  version: 5.4.0
- name: redis
  repository: https://kubelauncher.github.io/charts
  version: 0.4.2
- name: nginx
  repository: https://charts.bitnami.com/bitnami
  version: 25.0.11
digest: sha256:8873ed9a311eb5cf7073ac1082659c8d11be8869001cae245914410be8e3bc78
generated: "2026-06-29T12:53:39.759356-04:00"
