dependencies:
- name: memcached
  repository: https://raw.githubusercontent.com/bitnami/charts/archive-full-index/bitnami
  version: 4.2.21
- name: minio
  repository: https://raw.githubusercontent.com/bitnami/charts/archive-full-index/bitnami
  version: 6.7.2
- name: mariadb
  repository: https://raw.githubusercontent.com/bitnami/charts/archive-full-index/bitnami
  version: 9.5.1
- name: redis
  repository: https://raw.githubusercontent.com/bitnami/charts/archive-full-index/bitnami
  version: 10.7.16
- name: solr
  repository: https://raw.githubusercontent.com/bitnami/charts/archive-full-index/bitnami
  version: 4.1.2
- name: nginx
  repository: https://raw.githubusercontent.com/bitnami/charts/archive-full-index/bitnami
  version: 9.8.0
digest: sha256:c07523b39393cb9de634da0cf55f62aac9d3342065ab837730ed41894a89c5f6
generated: "2026-06-17T16:24:07.346344-04:00"
